// !$*UTF8*$!
{
	archiveVersion = 1;
	classes = {
	};
	objectVersion = 56;
	objects = {

/* Begin PBXBuildFile section */
		3F1768352BEDF66300AC3265 /* AboutmeTableViewController.swift in Sources */ = {isa = PBXBuildFile; fileRef = 3F1768342BEDF66300AC3265 /* AboutmeTableViewController.swift */; };
		3F1768372BEDFAEC00AC3265 /* MyVehicleTableViewController.swift in Sources */ = {isa = PBXBuildFile; fileRef = 3F1768362BEDFAEC00AC3265 /* MyVehicleTableViewController.swift */; };
		3F1768392BEDFF0400AC3265 /* MyAddressTableViewController.swift in Sources */ = {isa = PBXBuildFile; fileRef = 3F1768382BEDFF0400AC3265 /* MyAddressTableViewController.swift */; };
		3F17683B2BEE025900AC3265 /* AddressTableViewCell.swift in Sources */ = {isa = PBXBuildFile; fileRef = 3F17683A2BEE025900AC3265 /* AddressTableViewCell.swift */; };
		3F17683D2BEE039000AC3265 /* VehicleTableViewCell.swift in Sources */ = {isa = PBXBuildFile; fileRef = 3F17683C2BEE039000AC3265 /* VehicleTableViewCell.swift */; };
		3FC48F942BE210B80032CB47 /* LoginViewController.swift in Sources */ = {isa = PBXBuildFile; fileRef = 3FC48F932BE210B80032CB47 /* LoginViewController.swift */; };
		3FFC61BE2BEF42DC0038DECF /* StartrideViewController.swift in Sources */ = {isa = PBXBuildFile; fileRef = 3FFC61BD2BEF42DC0038DECF /* StartrideViewController.swift */; };
		AF03351E2BDAB8B400F0C796 /* MyRideViewController.swift in Sources */ = {isa = PBXBuildFile; fileRef = AF03351D2BDAB8B300F0C796 /* MyRideViewController.swift */; };
		AF0335202BDAB8E700F0C796 /* BookingViewController.swift in Sources */ = {isa = PBXBuildFile; fileRef = AF03351F2BDAB8E700F0C796 /* BookingViewController.swift */; };
		AF03352B2BDAD9F500F0C796 /* HomeViewController.swift in Sources */ = {isa = PBXBuildFile; fileRef = AF03352A2BDAD9F500F0C796 /* HomeViewController.swift */; };
		AF25009D2BEA933C00FB5FBA /* FAQ.swift in Sources */ = {isa = PBXBuildFile; fileRef = AF25009C2BEA933C00FB5FBA /* FAQ.swift */; };
		AF25009F2BEA937600FB5FBA /* FAQsTableViewController.swift in Sources */ = {isa = PBXBuildFile; fileRef = AF25009E2BEA937600FB5FBA /* FAQsTableViewController.swift */; };
		AF2C98062BDA9F2F009DD59D /* AppDelegate.swift in Sources */ = {isa = PBXBuildFile; fileRef = AF2C98052BDA9F2F009DD59D /* AppDelegate.swift */; };
		AF2C980D2BDA9F2F009DD59D /* Base in Resources */ = {isa = PBXBuildFile; fileRef = AF2C980C2BDA9F2F009DD59D /* Base */; };
		AF2C980F2BDA9F31009DD59D /* Assets.xcassets in Resources */ = {isa = PBXBuildFile; fileRef = AF2C980E2BDA9F31009DD59D /* Assets.xcassets */; };
		AF2C98122BDA9F31009DD59D /* Base in Resources */ = {isa = PBXBuildFile; fileRef = AF2C98112BDA9F31009DD59D /* Base */; };
		AF2C981D2BDA9F31009DD59D /* lets_goTests.swift in Sources */ = {isa = PBXBuildFile; fileRef = AF2C981C2BDA9F31009DD59D /* lets_goTests.swift */; };
		AF2C98272BDA9F31009DD59D /* lets_goUITests.swift in Sources */ = {isa = PBXBuildFile; fileRef = AF2C98262BDA9F31009DD59D /* lets_goUITests.swift */; };
		AF2C98292BDA9F31009DD59D /* lets_goUITestsLaunchTests.swift in Sources */ = {isa = PBXBuildFile; fileRef = AF2C98282BDA9F31009DD59D /* lets_goUITestsLaunchTests.swift */; };
		AF2C98392BDAA00B009DD59D /* OnBoardingViewController.swift in Sources */ = {isa = PBXBuildFile; fileRef = AF2C98382BDAA00B009DD59D /* OnBoardingViewController.swift */; };
		AF2C98412BDAA053009DD59D /* ConversationViewController.swift in Sources */ = {isa = PBXBuildFile; fileRef = AF2C98402BDAA053009DD59D /* ConversationViewController.swift */; };
		AF2C98432BDAA06C009DD59D /* ChatsViewController.swift in Sources */ = {isa = PBXBuildFile; fileRef = AF2C98422BDAA06C009DD59D /* ChatsViewController.swift */; };
		AF2C98502BDAA230009DD59D /* bookingService.swift in Sources */ = {isa = PBXBuildFile; fileRef = AF2C984F2BDAA230009DD59D /* bookingService.swift */; };
		AF2C98522BDAA23D009DD59D /* publishService.swift in Sources */ = {isa = PBXBuildFile; fileRef = AF2C98512BDAA23D009DD59D /* publishService.swift */; };
		AF2C98542BDAA24A009DD59D /* chatService.swift in Sources */ = {isa = PBXBuildFile; fileRef = AF2C98532BDAA24A009DD59D /* chatService.swift */; };
		AF2C98562BDAA25B009DD59D /* authService.swift in Sources */ = {isa = PBXBuildFile; fileRef = AF2C98552BDAA25B009DD59D /* authService.swift */; };
		AF37698B2BE6556A00527997 /* Vehicle.swift in Sources */ = {isa = PBXBuildFile; fileRef = AF37698A2BE6556A00527997 /* Vehicle.swift */; };
		AF37698D2BE6560C00527997 /* Rides.swift in Sources */ = {isa = PBXBuildFile; fileRef = AF37698C2BE6560C00527997 /* Rides.swift */; };
		AF37698F2BE6578E00527997 /* Booking.swift in Sources */ = {isa = PBXBuildFile; fileRef = AF37698E2BE6578E00527997 /* Booking.swift */; };
		AF3769952BE7FB5500527997 /* UiView.swift in Sources */ = {isa = PBXBuildFile; fileRef = AF3769942BE7FB5500527997 /* UiView.swift */; };
		AF3769982BE7FC5A00527997 /* OnboardingSlide.swift in Sources */ = {isa = PBXBuildFile; fileRef = AF3769972BE7FC5A00527997 /* OnboardingSlide.swift */; };
		AF37699D2BE7FF7800527997 /* OnboardingCollectionViewCell.swift in Sources */ = {isa = PBXBuildFile; fileRef = AF37699C2BE7FF7800527997 /* OnboardingCollectionViewCell.swift */; };
		AF3769A92BE87CA500527997 /* AuthorisedApp.storyboard in Resources */ = {isa = PBXBuildFile; fileRef = AF3769A82BE87CA500527997 /* AuthorisedApp.storyboard */; };
		AF53F11E2BED104900E45AA9 /* BookingTableViewController.swift in Sources */ = {isa = PBXBuildFile; fileRef = AF53F11D2BED104900E45AA9 /* BookingTableViewController.swift */; };
		AF8F29652BE1FB11003A5256 /* ChatTableViewCell.swift in Sources */ = {isa = PBXBuildFile; fileRef = AF8F29642BE1FB11003A5256 /* ChatTableViewCell.swift */; };
		AF8F29672BE20912003A5256 /* ConversationTableViewCell.swift in Sources */ = {isa = PBXBuildFile; fileRef = AF8F29662BE20912003A5256 /* ConversationTableViewCell.swift */; };
		AF9ACA0B2BE5718F00C267AA /* UserService.swift in Sources */ = {isa = PBXBuildFile; fileRef = AF9ACA0A2BE5718F00C267AA /* UserService.swift */; };
		AFAB25512BE0F9ED002E756E /* User.swift in Sources */ = {isa = PBXBuildFile; fileRef = AFAB25502BE0F9ED002E756E /* User.swift */; };
		AFAB25532BE0FA2E002E756E /* College.swift in Sources */ = {isa = PBXBuildFile; fileRef = AFAB25522BE0FA2E002E756E /* College.swift */; };
		AFAB25552BE0FA52002E756E /* UserOtp.swift in Sources */ = {isa = PBXBuildFile; fileRef = AFAB25542BE0FA52002E756E /* UserOtp.swift */; };
		AFAB25582BE0FCD1002E756E /* Chat.swift in Sources */ = {isa = PBXBuildFile; fileRef = AFAB25572BE0FCD1002E756E /* Chat.swift */; };
		AFAB255A2BE0FCED002E756E /* Message.swift in Sources */ = {isa = PBXBuildFile; fileRef = AFAB25592BE0FCED002E756E /* Message.swift */; };
		AFB480972BE39EFA00E9EEEA /* Address.swift in Sources */ = {isa = PBXBuildFile; fileRef = AFB480962BE39EFA00E9EEEA /* Address.swift */; };
		AFB4809A2BE3B74200E9EEEA /* replicateRideTableViewController.swift in Sources */ = {isa = PBXBuildFile; fileRef = AFB480992BE3B74200E9EEEA /* replicateRideTableViewController.swift */; };
		AFB4809E2BE3B77100E9EEEA /* PostTableViewController.swift in Sources */ = {isa = PBXBuildFile; fileRef = AFB4809D2BE3B77100E9EEEA /* PostTableViewController.swift */; };
		AFB480A02BE3B78B00E9EEEA /* FindTableViewController.swift in Sources */ = {isa = PBXBuildFile; fileRef = AFB4809F2BE3B78B00E9EEEA /* FindTableViewController.swift */; };
		AFB480A22BE3B7AA00E9EEEA /* bookRideTableViewController.swift in Sources */ = {isa = PBXBuildFile; fileRef = AFB480A12BE3B7AA00E9EEEA /* bookRideTableViewController.swift */; };
		AFB480A42BE3BC1400E9EEEA /* AllRideViewController.swift in Sources */ = {isa = PBXBuildFile; fileRef = AFB480A32BE3BC1300E9EEEA /* AllRideViewController.swift */; };
		AFB480A62BE3E4A400E9EEEA /* BookRideViewController.swift in Sources */ = {isa = PBXBuildFile; fileRef = AFB480A52BE3E4A400E9EEEA /* BookRideViewController.swift */; };
		AFB611E72BE9CB4E00B06404 /* AuthApp.storyboard in Resources */ = {isa = PBXBuildFile; fileRef = AFB611E62BE9CB4E00B06404 /* AuthApp.storyboard */; };
		AFB611E92BE9CEC500B06404 /* ProfileTableViewController.swift in Sources */ = {isa = PBXBuildFile; fileRef = AFB611E82BE9CEC500B06404 /* ProfileTableViewController.swift */; };
		AFB611EB2BE9E27900B06404 /* SignupViewController.swift in Sources */ = {isa = PBXBuildFile; fileRef = AFB611EA2BE9E27900B06404 /* SignupViewController.swift */; };
		AFB9169A2BEE33A4001C5D58 /* MyRideTableViewCell.swift in Sources */ = {isa = PBXBuildFile; fileRef = AFB916992BEE33A4001C5D58 /* MyRideTableViewCell.swift */; };
		AFE6BA9D2BEB38CF0097401F /* String.swift in Sources */ = {isa = PBXBuildFile; fileRef = AFE6BA9C2BEB38CF0097401F /* String.swift */; };
/* End PBXBuildFile section */

/* Begin PBXContainerItemProxy section */
		AF2C98192BDA9F31009DD59D /* PBXContainerItemProxy */ = {
			isa = PBXContainerItemProxy;
			containerPortal = AF2C97FA2BDA9F2F009DD59D /* Project object */;
			proxyType = 1;
			remoteGlobalIDString = AF2C98012BDA9F2F009DD59D;
			remoteInfo = lets_go;
		};
		AF2C98232BDA9F31009DD59D /* PBXContainerItemProxy */ = {
			isa = PBXContainerItemProxy;
			containerPortal = AF2C97FA2BDA9F2F009DD59D /* Project object */;
			proxyType = 1;
			remoteGlobalIDString = AF2C98012BDA9F2F009DD59D;
			remoteInfo = lets_go;
		};
/* End PBXContainerItemProxy section */

/* Begin PBXFileReference section */
		3F1768342BEDF66300AC3265 /* AboutmeTableViewController.swift */ = {isa = PBXFileReference; lastKnownFileType = sourcecode.swift; path = AboutmeTableViewController.swift; sourceTree = "<group>"; };
		3F1768362BEDFAEC00AC3265 /* MyVehicleTableViewController.swift */ = {isa = PBXFileReference; lastKnownFileType = sourcecode.swift; path = MyVehicleTableViewController.swift; sourceTree = "<group>"; };
		3F1768382BEDFF0400AC3265 /* MyAddressTableViewController.swift */ = {isa = PBXFileReference; lastKnownFileType = sourcecode.swift; path = MyAddressTableViewController.swift; sourceTree = "<group>"; };
		3F17683A2BEE025900AC3265 /* AddressTableViewCell.swift */ = {isa = PBXFileReference; lastKnownFileType = sourcecode.swift; path = AddressTableViewCell.swift; sourceTree = "<group>"; };
		3F17683C2BEE039000AC3265 /* VehicleTableViewCell.swift */ = {isa = PBXFileReference; lastKnownFileType = sourcecode.swift; path = VehicleTableViewCell.swift; sourceTree = "<group>"; };
		3FC48F932BE210B80032CB47 /* LoginViewController.swift */ = {isa = PBXFileReference; lastKnownFileType = sourcecode.swift; path = LoginViewController.swift; sourceTree = "<group>"; };
		3FFC61BD2BEF42DC0038DECF /* StartrideViewController.swift */ = {isa = PBXFileReference; lastKnownFileType = sourcecode.swift; path = StartrideViewController.swift; sourceTree = "<group>"; };
		AF03351D2BDAB8B300F0C796 /* MyRideViewController.swift */ = {isa = PBXFileReference; lastKnownFileType = sourcecode.swift; path = MyRideViewController.swift; sourceTree = "<group>"; };
		AF03351F2BDAB8E700F0C796 /* BookingViewController.swift */ = {isa = PBXFileReference; lastKnownFileType = sourcecode.swift; path = BookingViewController.swift; sourceTree = "<group>"; };
		AF03352A2BDAD9F500F0C796 /* HomeViewController.swift */ = {isa = PBXFileReference; lastKnownFileType = sourcecode.swift; path = HomeViewController.swift; sourceTree = "<group>"; };
		AF25009C2BEA933C00FB5FBA /* FAQ.swift */ = {isa = PBXFileReference; lastKnownFileType = sourcecode.swift; path = FAQ.swift; sourceTree = "<group>"; };
		AF25009E2BEA937600FB5FBA /* FAQsTableViewController.swift */ = {isa = PBXFileReference; lastKnownFileType = sourcecode.swift; path = FAQsTableViewController.swift; sourceTree = "<group>"; };
		AF2C98022BDA9F2F009DD59D /* lets_go.app */ = {isa = PBXFileReference; explicitFileType = wrapper.application; includeInIndex = 0; path = lets_go.app; sourceTree = BUILT_PRODUCTS_DIR; };
		AF2C98052BDA9F2F009DD59D /* AppDelegate.swift */ = {isa = PBXFileReference; lastKnownFileType = sourcecode.swift; path = AppDelegate.swift; sourceTree = "<group>"; };
		AF2C980C2BDA9F2F009DD59D /* Base */ = {isa = PBXFileReference; lastKnownFileType = file.storyboard; name = Base; path = Base.lproj/Main.storyboard; sourceTree = "<group>"; };
		AF2C980E2BDA9F31009DD59D /* Assets.xcassets */ = {isa = PBXFileReference; lastKnownFileType = folder.assetcatalog; path = Assets.xcassets; sourceTree = "<group>"; };
		AF2C98112BDA9F31009DD59D /* Base */ = {isa = PBXFileReference; lastKnownFileType = file.storyboard; name = Base; path = Base.lproj/LaunchScreen.storyboard; sourceTree = "<group>"; };
		AF2C98132BDA9F31009DD59D /* Info.plist */ = {isa = PBXFileReference; lastKnownFileType = text.plist.xml; path = Info.plist; sourceTree = "<group>"; };
		AF2C98182BDA9F31009DD59D /* lets_goTests.xctest */ = {isa = PBXFileReference; explicitFileType = wrapper.cfbundle; includeInIndex = 0; path = lets_goTests.xctest; sourceTree = BUILT_PRODUCTS_DIR; };
		AF2C981C2BDA9F31009DD59D /* lets_goTests.swift */ = {isa = PBXFileReference; lastKnownFileType = sourcecode.swift; path = lets_goTests.swift; sourceTree = "<group>"; };
		AF2C98222BDA9F31009DD59D /* lets_goUITests.xctest */ = {isa = PBXFileReference; explicitFileType = wrapper.cfbundle; includeInIndex = 0; path = lets_goUITests.xctest; sourceTree = BUILT_PRODUCTS_DIR; };
		AF2C98262BDA9F31009DD59D /* lets_goUITests.swift */ = {isa = PBXFileReference; lastKnownFileType = sourcecode.swift; path = lets_goUITests.swift; sourceTree = "<group>"; };
		AF2C98282BDA9F31009DD59D /* lets_goUITestsLaunchTests.swift */ = {isa = PBXFileReference; lastKnownFileType = sourcecode.swift; path = lets_goUITestsLaunchTests.swift; sourceTree = "<group>"; };
		AF2C98382BDAA00B009DD59D /* OnBoardingViewController.swift */ = {isa = PBXFileReference; lastKnownFileType = sourcecode.swift; path = OnBoardingViewController.swift; sourceTree = "<group>"; };
		AF2C98402BDAA053009DD59D /* ConversationViewController.swift */ = {isa = PBXFileReference; lastKnownFileType = sourcecode.swift; path = ConversationViewController.swift; sourceTree = "<group>"; };
		AF2C98422BDAA06C009DD59D /* ChatsViewController.swift */ = {isa = PBXFileReference; lastKnownFileType = sourcecode.swift; path = ChatsViewController.swift; sourceTree = "<group>"; };
		AF2C984F2BDAA230009DD59D /* bookingService.swift */ = {isa = PBXFileReference; lastKnownFileType = sourcecode.swift; path = bookingService.swift; sourceTree = "<group>"; };
		AF2C98512BDAA23D009DD59D /* publishService.swift */ = {isa = PBXFileReference; lastKnownFileType = sourcecode.swift; path = publishService.swift; sourceTree = "<group>"; };
		AF2C98532BDAA24A009DD59D /* chatService.swift */ = {isa = PBXFileReference; lastKnownFileType = sourcecode.swift; path = chatService.swift; sourceTree = "<group>"; };
		AF2C98552BDAA25B009DD59D /* authService.swift */ = {isa = PBXFileReference; lastKnownFileType = sourcecode.swift; path = authService.swift; sourceTree = "<group>"; };
		AF37698A2BE6556A00527997 /* Vehicle.swift */ = {isa = PBXFileReference; lastKnownFileType = sourcecode.swift; path = Vehicle.swift; sourceTree = "<group>"; };
		AF37698C2BE6560C00527997 /* Rides.swift */ = {isa = PBXFileReference; lastKnownFileType = sourcecode.swift; path = Rides.swift; sourceTree = "<group>"; };
		AF37698E2BE6578E00527997 /* Booking.swift */ = {isa = PBXFileReference; lastKnownFileType = sourcecode.swift; path = Booking.swift; sourceTree = "<group>"; };
		AF3769942BE7FB5500527997 /* UiView.swift */ = {isa = PBXFileReference; lastKnownFileType = sourcecode.swift; path = UiView.swift; sourceTree = "<group>"; };
		AF3769972BE7FC5A00527997 /* OnboardingSlide.swift */ = {isa = PBXFileReference; lastKnownFileType = sourcecode.swift; path = OnboardingSlide.swift; sourceTree = "<group>"; };
		AF37699C2BE7FF7800527997 /* OnboardingCollectionViewCell.swift */ = {isa = PBXFileReference; lastKnownFileType = sourcecode.swift; path = OnboardingCollectionViewCell.swift; sourceTree = "<group>"; };
		AF3769A72BE87CA500527997 /* Base */ = {isa = PBXFileReference; lastKnownFileType = file.storyboard; name = Base; path = Base.lproj/AuthorisedApp.storyboard; sourceTree = "<group>"; };
		AF53F11D2BED104900E45AA9 /* BookingTableViewController.swift */ = {isa = PBXFileReference; lastKnownFileType = sourcecode.swift; path = BookingTableViewController.swift; sourceTree = "<group>"; };
		AF8F29642BE1FB11003A5256 /* ChatTableViewCell.swift */ = {isa = PBXFileReference; lastKnownFileType = sourcecode.swift; path = ChatTableViewCell.swift; sourceTree = "<group>"; };
		AF8F29662BE20912003A5256 /* ConversationTableViewCell.swift */ = {isa = PBXFileReference; lastKnownFileType = sourcecode.swift; path = ConversationTableViewCell.swift; sourceTree = "<group>"; };
		AF9ACA0A2BE5718F00C267AA /* UserService.swift */ = {isa = PBXFileReference; lastKnownFileType = sourcecode.swift; path = UserService.swift; sourceTree = "<group>"; };
		AFAB25502BE0F9ED002E756E /* User.swift */ = {isa = PBXFileReference; lastKnownFileType = sourcecode.swift; path = User.swift; sourceTree = "<group>"; };
		AFAB25522BE0FA2E002E756E /* College.swift */ = {isa = PBXFileReference; lastKnownFileType = sourcecode.swift; path = College.swift; sourceTree = "<group>"; };
		AFAB25542BE0FA52002E756E /* UserOtp.swift */ = {isa = PBXFileReference; lastKnownFileType = sourcecode.swift; path = UserOtp.swift; sourceTree = "<group>"; };
		AFAB25572BE0FCD1002E756E /* Chat.swift */ = {isa = PBXFileReference; lastKnownFileType = sourcecode.swift; path = Chat.swift; sourceTree = "<group>"; };
		AFAB25592BE0FCED002E756E /* Message.swift */ = {isa = PBXFileReference; lastKnownFileType = sourcecode.swift; path = Message.swift; sourceTree = "<group>"; };
		AFB480962BE39EFA00E9EEEA /* Address.swift */ = {isa = PBXFileReference; lastKnownFileType = sourcecode.swift; path = Address.swift; sourceTree = "<group>"; };
		AFB480992BE3B74200E9EEEA /* replicateRideTableViewController.swift */ = {isa = PBXFileReference; lastKnownFileType = sourcecode.swift; path = replicateRideTableViewController.swift; sourceTree = "<group>"; };
		AFB4809D2BE3B77100E9EEEA /* PostTableViewController.swift */ = {isa = PBXFileReference; lastKnownFileType = sourcecode.swift; path = PostTableViewController.swift; sourceTree = "<group>"; };
		AFB4809F2BE3B78B00E9EEEA /* FindTableViewController.swift */ = {isa = PBXFileReference; lastKnownFileType = sourcecode.swift; path = FindTableViewController.swift; sourceTree = "<group>"; };
		AFB480A12BE3B7AA00E9EEEA /* bookRideTableViewController.swift */ = {isa = PBXFileReference; lastKnownFileType = sourcecode.swift; path = bookRideTableViewController.swift; sourceTree = "<group>"; };
		AFB480A32BE3BC1300E9EEEA /* AllRideViewController.swift */ = {isa = PBXFileReference; lastKnownFileType = sourcecode.swift; path = AllRideViewController.swift; sourceTree = "<group>"; };
		AFB480A52BE3E4A400E9EEEA /* BookRideViewController.swift */ = {isa = PBXFileReference; lastKnownFileType = sourcecode.swift; path = BookRideViewController.swift; sourceTree = "<group>"; };
		AFB611E62BE9CB4E00B06404 /* AuthApp.storyboard */ = {isa = PBXFileReference; lastKnownFileType = file.storyboard; path = AuthApp.storyboard; sourceTree = "<group>"; };
		AFB611E82BE9CEC500B06404 /* ProfileTableViewController.swift */ = {isa = PBXFileReference; lastKnownFileType = sourcecode.swift; path = ProfileTableViewController.swift; sourceTree = "<group>"; };
		AFB611EA2BE9E27900B06404 /* SignupViewController.swift */ = {isa = PBXFileReference; lastKnownFileType = sourcecode.swift; path = SignupViewController.swift; sourceTree = "<group>"; };
		AFB916992BEE33A4001C5D58 /* MyRideTableViewCell.swift */ = {isa = PBXFileReference; lastKnownFileType = sourcecode.swift; path = MyRideTableViewCell.swift; sourceTree = "<group>"; };
		AFE6BA9C2BEB38CF0097401F /* String.swift */ = {isa = PBXFileReference; lastKnownFileType = sourcecode.swift; path = String.swift; sourceTree = "<group>"; };
/* End PBXFileReference section */

/* Begin PBXFrameworksBuildPhase section */
		AF2C97FF2BDA9F2F009DD59D /* Frameworks */ = {
			isa = PBXFrameworksBuildPhase;
			buildActionMask = 2147483647;
			files = (
			);
			runOnlyForDeploymentPostprocessing = 0;
		};
		AF2C98152BDA9F31009DD59D /* Frameworks */ = {
			isa = PBXFrameworksBuildPhase;
			buildActionMask = 2147483647;
			files = (
			);
			runOnlyForDeploymentPostprocessing = 0;
		};
		AF2C981F2BDA9F31009DD59D /* Frameworks */ = {
			isa = PBXFrameworksBuildPhase;
			buildActionMask = 2147483647;
			files = (
			);
			runOnlyForDeploymentPostprocessing = 0;
		};
/* End PBXFrameworksBuildPhase section */

/* Begin PBXGroup section */
		AF0335252BDAD8CC00F0C796 /* Auth */ = {
			isa = PBXGroup;
			children = (
				3FC48F932BE210B80032CB47 /* LoginViewController.swift */,
				AFB611EA2BE9E27900B06404 /* SignupViewController.swift */,
			);
			path = Auth;
			sourceTree = "<group>";
		};
		AF0335262BDAD90600F0C796 /* Home */ = {
			isa = PBXGroup;
			children = (
				AFB480982BE3B72D00E9EEEA /* Kaushiv */,
				AF03352A2BDAD9F500F0C796 /* HomeViewController.swift */,
				AFB480A32BE3BC1300E9EEEA /* AllRideViewController.swift */,
				AFB480A52BE3E4A400E9EEEA /* BookRideViewController.swift */,
			);
			path = Home;
			sourceTree = "<group>";
		};
		AF0335272BDAD94400F0C796 /* My Ride */ = {
			isa = PBXGroup;
			children = (
				AF03351D2BDAB8B300F0C796 /* MyRideViewController.swift */,
				AFB916992BEE33A4001C5D58 /* MyRideTableViewCell.swift */,
				AF53F11D2BED104900E45AA9 /* BookingTableViewController.swift */,
				AF03351F2BDAB8E700F0C796 /* BookingViewController.swift */,
				3FFC61BD2BEF42DC0038DECF /* StartrideViewController.swift */,
			);
			path = "My Ride";
			sourceTree = "<group>";
		};
		AF0335282BDAD96800F0C796 /* Chat */ = {
			isa = PBXGroup;
			children = (
				AF2C98422BDAA06C009DD59D /* ChatsViewController.swift */,
				AF8F29642BE1FB11003A5256 /* ChatTableViewCell.swift */,
				AF2C98402BDAA053009DD59D /* ConversationViewController.swift */,
				AF8F29662BE20912003A5256 /* ConversationTableViewCell.swift */,
			);
			path = Chat;
			sourceTree = "<group>";
		};
		AF0335292BDAD98700F0C796 /* Profile */ = {
			isa = PBXGroup;
			children = (
				AFB611E82BE9CEC500B06404 /* ProfileTableViewController.swift */,
				AF25009E2BEA937600FB5FBA /* FAQsTableViewController.swift */,
				3F1768362BEDFAEC00AC3265 /* MyVehicleTableViewController.swift */,
				3F1768382BEDFF0400AC3265 /* MyAddressTableViewController.swift */,
				3F1768342BEDF66300AC3265 /* AboutmeTableViewController.swift */,
				3F17683A2BEE025900AC3265 /* AddressTableViewCell.swift */,
				3F17683C2BEE039000AC3265 /* VehicleTableViewCell.swift */,
			);
			path = Profile;
			sourceTree = "<group>";
		};
		AF2C97F92BDA9F2F009DD59D = {
			isa = PBXGroup;
			children = (
				AF2C98042BDA9F2F009DD59D /* lets_go */,
				AF2C981B2BDA9F31009DD59D /* lets_goTests */,
				AF2C98252BDA9F31009DD59D /* lets_goUITests */,
				AF2C98032BDA9F2F009DD59D /* Products */,
			);
			sourceTree = "<group>";
		};
		AF2C98032BDA9F2F009DD59D /* Products */ = {
			isa = PBXGroup;
			children = (
				AF2C98022BDA9F2F009DD59D /* lets_go.app */,
				AF2C98182BDA9F31009DD59D /* lets_goTests.xctest */,
				AF2C98222BDA9F31009DD59D /* lets_goUITests.xctest */,
			);
			name = Products;
			sourceTree = "<group>";
		};
		AF2C98042BDA9F2F009DD59D /* lets_go */ = {
			isa = PBXGroup;
			children = (
				AF3769932BE7FB2A00527997 /* Extension */,
				AF2C98462BDAA15C009DD59D /* Resources */,
				AF2C98472BDAA18B009DD59D /* Models */,
				AF2C98442BDAA0BA009DD59D /* Views */,
				AF2C984E2BDAA21C009DD59D /* Services */,
				AF2C98352BDA9FD7009DD59D /* Controllers */,
				AF2C98132BDA9F31009DD59D /* Info.plist */,
			);
			path = lets_go;
			sourceTree = "<group>";
		};
		AF2C981B2BDA9F31009DD59D /* lets_goTests */ = {
			isa = PBXGroup;
			children = (
				AF2C981C2BDA9F31009DD59D /* lets_goTests.swift */,
			);
			path = lets_goTests;
			sourceTree = "<group>";
		};
		AF2C98252BDA9F31009DD59D /* lets_goUITests */ = {
			isa = PBXGroup;
			children = (
				AF2C98262BDA9F31009DD59D /* lets_goUITests.swift */,
				AF2C98282BDA9F31009DD59D /* lets_goUITestsLaunchTests.swift */,
			);
			path = lets_goUITests;
			sourceTree = "<group>";
		};
		AF2C98352BDA9FD7009DD59D /* Controllers */ = {
			isa = PBXGroup;
			children = (
				AF3769922BE7F5CA00527997 /* Onboarding */,
				AF0335252BDAD8CC00F0C796 /* Auth */,
				AF0335262BDAD90600F0C796 /* Home */,
				AF0335272BDAD94400F0C796 /* My Ride */,
				AF0335292BDAD98700F0C796 /* Profile */,
				AF0335282BDAD96800F0C796 /* Chat */,
			);
			path = Controllers;
			sourceTree = "<group>";
		};
		AF2C98442BDAA0BA009DD59D /* Views */ = {
			isa = PBXGroup;
			children = (
				AF2C98452BDAA0C2009DD59D /* StoryBoards */,
				AF2C980E2BDA9F31009DD59D /* Assets.xcassets */,
			);
			path = Views;
			sourceTree = "<group>";
		};
		AF2C98452BDAA0C2009DD59D /* StoryBoards */ = {
			isa = PBXGroup;
			children = (
				AF2C980B2BDA9F2F009DD59D /* Main.storyboard */,
				AFB611E62BE9CB4E00B06404 /* AuthApp.storyboard */,
				AF2C98102BDA9F31009DD59D /* LaunchScreen.storyboard */,
				AF3769A82BE87CA500527997 /* AuthorisedApp.storyboard */,
			);
			path = StoryBoards;
			sourceTree = "<group>";
		};
		AF2C98462BDAA15C009DD59D /* Resources */ = {
			isa = PBXGroup;
			children = (
				AF2C98052BDA9F2F009DD59D /* AppDelegate.swift */,
			);
			path = Resources;
			sourceTree = "<group>";
		};
		AF2C98472BDAA18B009DD59D /* Models */ = {
			isa = PBXGroup;
			children = (
				AF3769962BE7FC4600527997 /* AppInternal */,
				AFAB255D2BE1008F002E756E /* Booking */,
				AFAB254F2BE0F9DB002E756E /* auth */,
				AFAB25562BE0FCBD002E756E /* Chat */,
			);
			path = Models;
			sourceTree = "<group>";
		};
		AF2C984E2BDAA21C009DD59D /* Services */ = {
			isa = PBXGroup;
			children = (
				AF2C984F2BDAA230009DD59D /* bookingService.swift */,
				AF2C98512BDAA23D009DD59D /* publishService.swift */,
				AF2C98532BDAA24A009DD59D /* chatService.swift */,
				AF2C98552BDAA25B009DD59D /* authService.swift */,
				AF9ACA0A2BE5718F00C267AA /* UserService.swift */,
			);
			path = Services;
			sourceTree = "<group>";
		};
		AF3769922BE7F5CA00527997 /* Onboarding */ = {
			isa = PBXGroup;
			children = (
				AF2C98382BDAA00B009DD59D /* OnBoardingViewController.swift */,
				AF37699C2BE7FF7800527997 /* OnboardingCollectionViewCell.swift */,
			);
			path = Onboarding;
			sourceTree = "<group>";
		};
		AF3769932BE7FB2A00527997 /* Extension */ = {
			isa = PBXGroup;
			children = (
				AF3769942BE7FB5500527997 /* UiView.swift */,
				AFE6BA9C2BEB38CF0097401F /* String.swift */,
			);
			path = Extension;
			sourceTree = "<group>";
		};
		AF3769962BE7FC4600527997 /* AppInternal */ = {
			isa = PBXGroup;
			children = (
				AF3769972BE7FC5A00527997 /* OnboardingSlide.swift */,
				AF25009C2BEA933C00FB5FBA /* FAQ.swift */,
			);
			path = AppInternal;
			sourceTree = "<group>";
		};
		AFAB254F2BE0F9DB002E756E /* auth */ = {
			isa = PBXGroup;
			children = (
				AFAB25502BE0F9ED002E756E /* User.swift */,
				AFAB25522BE0FA2E002E756E /* College.swift */,
				AFB480962BE39EFA00E9EEEA /* Address.swift */,
				AF37698A2BE6556A00527997 /* Vehicle.swift */,
				AFAB25542BE0FA52002E756E /* UserOtp.swift */,
			);
			path = auth;
			sourceTree = "<group>";
		};
		AFAB25562BE0FCBD002E756E /* Chat */ = {
			isa = PBXGroup;
			children = (
				AFAB25572BE0FCD1002E756E /* Chat.swift */,
				AFAB25592BE0FCED002E756E /* Message.swift */,
			);
			path = Chat;
			sourceTree = "<group>";
		};
		AFAB255D2BE1008F002E756E /* Booking */ = {
			isa = PBXGroup;
			children = (
				AF37698C2BE6560C00527997 /* Rides.swift */,
				AF37698E2BE6578E00527997 /* Booking.swift */,
			);
			path = Booking;
			sourceTree = "<group>";
		};
		AFB480982BE3B72D00E9EEEA /* Kaushiv */ = {
			isa = PBXGroup;
			children = (
				AFB4809F2BE3B78B00E9EEEA /* FindTableViewController.swift */,
				AFB480A12BE3B7AA00E9EEEA /* bookRideTableViewController.swift */,
				AFB4809D2BE3B77100E9EEEA /* PostTableViewController.swift */,
				AFB480992BE3B74200E9EEEA /* replicateRideTableViewController.swift */,
			);
			path = Kaushiv;
			sourceTree = "<group>";
		};
/* End PBXGroup section */

/* Begin PBXNativeTarget section */
		AF2C98012BDA9F2F009DD59D /* lets_go */ = {
			isa = PBXNativeTarget;
			buildConfigurationList = AF2C982C2BDA9F31009DD59D /* Build configuration list for PBXNativeTarget "lets_go" */;
			buildPhases = (
				AF2C97FE2BDA9F2F009DD59D /* Sources */,
				AF2C97FF2BDA9F2F009DD59D /* Frameworks */,
				AF2C98002BDA9F2F009DD59D /* Resources */,
			);
			buildRules = (
			);
			dependencies = (
			);
			name = lets_go;
			productName = lets_go;
			productReference = AF2C98022BDA9F2F009DD59D /* lets_go.app */;
			productType = "com.apple.product-type.application";
		};
		AF2C98172BDA9F31009DD59D /* lets_goTests */ = {
			isa = PBXNativeTarget;
			buildConfigurationList = AF2C982F2BDA9F31009DD59D /* Build configuration list for PBXNativeTarget "lets_goTests" */;
			buildPhases = (
				AF2C98142BDA9F31009DD59D /* Sources */,
				AF2C98152BDA9F31009DD59D /* Frameworks */,
				AF2C98162BDA9F31009DD59D /* Resources */,
			);
			buildRules = (
			);
			dependencies = (
				AF2C981A2BDA9F31009DD59D /* PBXTargetDependency */,
			);
			name = lets_goTests;
			productName = lets_goTests;
			productReference = AF2C98182BDA9F31009DD59D /* lets_goTests.xctest */;
			productType = "com.apple.product-type.bundle.unit-test";
		};
		AF2C98212BDA9F31009DD59D /* lets_goUITests */ = {
			isa = PBXNativeTarget;
			buildConfigurationList = AF2C98322BDA9F31009DD59D /* Build configuration list for PBXNativeTarget "lets_goUITests" */;
			buildPhases = (
				AF2C981E2BDA9F31009DD59D /* Sources */,
				AF2C981F2BDA9F31009DD59D /* Frameworks */,
				AF2C98202BDA9F31009DD59D /* Resources */,
			);
			buildRules = (
			);
			dependencies = (
				AF2C98242BDA9F31009DD59D /* PBXTargetDependency */,
			);
			name = lets_goUITests;
			productName = lets_goUITests;
			productReference = AF2C98222BDA9F31009DD59D /* lets_goUITests.xctest */;
			productType = "com.apple.product-type.bundle.ui-testing";
		};
/* End PBXNativeTarget section */

/* Begin PBXProject section */
		AF2C97FA2BDA9F2F009DD59D /* Project object */ = {
			isa = PBXProject;
			attributes = {
				BuildIndependentTargetsInParallel = 1;
				LastSwiftUpdateCheck = 1530;
				LastUpgradeCheck = 1530;
				TargetAttributes = {
					AF2C98012BDA9F2F009DD59D = {
						CreatedOnToolsVersion = 15.3;
						LastSwiftMigration = 1530;
					};
					AF2C98172BDA9F31009DD59D = {
						CreatedOnToolsVersion = 15.3;
						TestTargetID = AF2C98012BDA9F2F009DD59D;
					};
					AF2C98212BDA9F31009DD59D = {
						CreatedOnToolsVersion = 15.3;
						TestTargetID = AF2C98012BDA9F2F009DD59D;
					};
				};
			};
			buildConfigurationList = AF2C97FD2BDA9F2F009DD59D /* Build configuration list for PBXProject "lets_go" */;
			compatibilityVersion = "Xcode 14.0";
			developmentRegion = en;
			hasScannedForEncodings = 0;
			knownRegions = (
				en,
				Base,
			);
			mainGroup = AF2C97F92BDA9F2F009DD59D;
			productRefGroup = AF2C98032BDA9F2F009DD59D /* Products */;
			projectDirPath = "";
			projectRoot = "";
			targets = (
				AF2C98012BDA9F2F009DD59D /* lets_go */,
				AF2C98172BDA9F31009DD59D /* lets_goTests */,
				AF2C98212BDA9F31009DD59D /* lets_goUITests */,
			);
		};
/* End PBXProject section */

/* Begin PBXResourcesBuildPhase section */
		AF2C98002BDA9F2F009DD59D /* Resources */ = {
			isa = PBXResourcesBuildPhase;
			buildActionMask = 2147483647;
			files = (
				AF2C980F2BDA9F31009DD59D /* Assets.xcassets in Resources */,
				AF2C98122BDA9F31009DD59D /* Base in Resources */,
				AF2C980D2BDA9F2F009DD59D /* Base in Resources */,
				AF3769A92BE87CA500527997 /* AuthorisedApp.storyboard in Resources */,
				AFB611E72BE9CB4E00B06404 /* AuthApp.storyboard in Resources */,
			);
			runOnlyForDeploymentPostprocessing = 0;
		};
		AF2C98162BDA9F31009DD59D /* Resources */ = {
			isa = PBXResourcesBuildPhase;
			buildActionMask = 2147483647;
			files = (
			);
			runOnlyForDeploymentPostprocessing = 0;
		};
		AF2C98202BDA9F31009DD59D /* Resources */ = {
			isa = PBXResourcesBuildPhase;
			buildActionMask = 2147483647;
			files = (
			);
			runOnlyForDeploymentPostprocessing = 0;
		};
/* End PBXResourcesBuildPhase section */

/* Begin PBXSourcesBuildPhase section */
		AF2C97FE2BDA9F2F009DD59D /* Sources */ = {
			isa = PBXSourcesBuildPhase;
			buildActionMask = 2147483647;
			files = (
				AF37698B2BE6556A00527997 /* Vehicle.swift in Sources */,
				AF2C98522BDAA23D009DD59D /* publishService.swift in Sources */,
				3F1768372BEDFAEC00AC3265 /* MyVehicleTableViewController.swift in Sources */,
				AF25009F2BEA937600FB5FBA /* FAQsTableViewController.swift in Sources */,
				AFB480A02BE3B78B00E9EEEA /* FindTableViewController.swift in Sources */,
				3FFC61BE2BEF42DC0038DECF /* StartrideViewController.swift in Sources */,
				AF03352B2BDAD9F500F0C796 /* HomeViewController.swift in Sources */,
				3FC48F942BE210B80032CB47 /* LoginViewController.swift in Sources */,
				AF2C98062BDA9F2F009DD59D /* AppDelegate.swift in Sources */,
				AFB611E92BE9CEC500B06404 /* ProfileTableViewController.swift in Sources */,
				AFAB25532BE0FA2E002E756E /* College.swift in Sources */,
				AF8F29652BE1FB11003A5256 /* ChatTableViewCell.swift in Sources */,
				AFB611EB2BE9E27900B06404 /* SignupViewController.swift in Sources */,
				AF2C98502BDAA230009DD59D /* bookingService.swift in Sources */,
				AF2C98562BDAA25B009DD59D /* authService.swift in Sources */,
				3F1768352BEDF66300AC3265 /* AboutmeTableViewController.swift in Sources */,
				AF37698D2BE6560C00527997 /* Rides.swift in Sources */,
				AF37698F2BE6578E00527997 /* Booking.swift in Sources */,
				AFB480A62BE3E4A400E9EEEA /* BookRideViewController.swift in Sources */,
				AFB9169A2BEE33A4001C5D58 /* MyRideTableViewCell.swift in Sources */,
				AF3769982BE7FC5A00527997 /* OnboardingSlide.swift in Sources */,
				AFAB25552BE0FA52002E756E /* UserOtp.swift in Sources */,
				3F17683D2BEE039000AC3265 /* VehicleTableViewCell.swift in Sources */,
				AF3769952BE7FB5500527997 /* UiView.swift in Sources */,
				AF0335202BDAB8E700F0C796 /* BookingViewController.swift in Sources */,
				AFE6BA9D2BEB38CF0097401F /* String.swift in Sources */,
				AF2C98392BDAA00B009DD59D /* OnBoardingViewController.swift in Sources */,
				AFB4809E2BE3B77100E9EEEA /* PostTableViewController.swift in Sources */,
				AF9ACA0B2BE5718F00C267AA /* UserService.swift in Sources */,
				AF37699D2BE7FF7800527997 /* OnboardingCollectionViewCell.swift in Sources */,
				AF2C98542BDAA24A009DD59D /* chatService.swift in Sources */,
				AFAB255A2BE0FCED002E756E /* Message.swift in Sources */,
				AFAB25582BE0FCD1002E756E /* Chat.swift in Sources */,
				AF2C98432BDAA06C009DD59D /* ChatsViewController.swift in Sources */,
				AFB480972BE39EFA00E9EEEA /* Address.swift in Sources */,
				AF53F11E2BED104900E45AA9 /* BookingTableViewController.swift in Sources */,
				AFB480A22BE3B7AA00E9EEEA /* bookRideTableViewController.swift in Sources */,
				AF03351E2BDAB8B400F0C796 /* MyRideViewController.swift in Sources */,
				AFB4809A2BE3B74200E9EEEA /* replicateRideTableViewController.swift in Sources */,
				3F1768392BEDFF0400AC3265 /* MyAddressTableViewController.swift in Sources */,
				3F17683B2BEE025900AC3265 /* AddressTableViewCell.swift in Sources */,
				AF8F29672BE20912003A5256 /* ConversationTableViewCell.swift in Sources */,
				AF25009D2BEA933C00FB5FBA /* FAQ.swift in Sources */,
				AF2C98412BDAA053009DD59D /* ConversationViewController.swift in Sources */,
				AFB480A42BE3BC1400E9EEEA /* AllRideViewController.swift in Sources */,
				AFAB25512BE0F9ED002E756E /* User.swift in Sources */,
			);
			runOnlyForDeploymentPostprocessing = 0;
		};
		AF2C98142BDA9F31009DD59D /* Sources */ = {
			isa = PBXSourcesBuildPhase;
			buildActionMask = 2147483647;
			files = (
				AF2C981D2BDA9F31009DD59D /* lets_goTests.swift in Sources */,
			);
			runOnlyForDeploymentPostprocessing = 0;
		};
		AF2C981E2BDA9F31009DD59D /* Sources */ = {
			isa = PBXSourcesBuildPhase;
			buildActionMask = 2147483647;
			files = (
				AF2C98292BDA9F31009DD59D /* lets_goUITestsLaunchTests.swift in Sources */,
				AF2C98272BDA9F31009DD59D /* lets_goUITests.swift in Sources */,
			);
			runOnlyForDeploymentPostprocessing = 0;
		};
/* End PBXSourcesBuildPhase section */

/* Begin PBXTargetDependency section */
		AF2C981A2BDA9F31009DD59D /* PBXTargetDependency */ = {
			isa = PBXTargetDependency;
			target = AF2C98012BDA9F2F009DD59D /* lets_go */;
			targetProxy = AF2C98192BDA9F31009DD59D /* PBXContainerItemProxy */;
		};
		AF2C98242BDA9F31009DD59D /* PBXTargetDependency */ = {
			isa = PBXTargetDependency;
			target = AF2C98012BDA9F2F009DD59D /* lets_go */;
			targetProxy = AF2C98232BDA9F31009DD59D /* PBXContainerItemProxy */;
		};
/* End PBXTargetDependency section */

/* Begin PBXVariantGroup section */
		AF2C980B2BDA9F2F009DD59D /* Main.storyboard */ = {
			isa = PBXVariantGroup;
			children = (
				AF2C980C2BDA9F2F009DD59D /* Base */,
			);
			name = Main.storyboard;
			sourceTree = "<group>";
		};
		AF2C98102BDA9F31009DD59D /* LaunchScreen.storyboard */ = {
			isa = PBXVariantGroup;
			children = (
				AF2C98112BDA9F31009DD59D /* Base */,
			);
			name = LaunchScreen.storyboard;
			sourceTree = "<group>";
		};
		AF3769A82BE87CA500527997 /* AuthorisedApp.storyboard */ = {
			isa = PBXVariantGroup;
			children = (
				AF3769A72BE87CA500527997 /* Base */,
			);
			name = AuthorisedApp.storyboard;
			sourceTree = "<group>";
		};
/* End PBXVariantGroup section */

/* Begin XCBuildConfiguration section */
		AF2C982A2BDA9F31009DD59D /* Debug */ = {
			isa = XCBuildConfiguration;
			buildSettings = {
				ALWAYS_SEARCH_USER_PATHS = NO;
				ASSETCATALOG_COMPILER_GENERATE_SWIFT_ASSET_SYMBOL_EXTENSIONS = YES;
				CLANG_ANALYZER_NONNULL = YES;
				CLANG_ANALYZER_NUMBER_OBJECT_CONVERSION = YES_AGGRESSIVE;
				CLANG_CXX_LANGUAGE_STANDARD = "gnu++20";
				CLANG_ENABLE_MODULES = YES;
				CLANG_ENABLE_OBJC_ARC = YES;
				CLANG_ENABLE_OBJC_WEAK = YES;
				CLANG_WARN_BLOCK_CAPTURE_AUTORELEASING = YES;
				CLANG_WARN_BOOL_CONVERSION = YES;
				CLANG_WARN_COMMA = YES;
				CLANG_WARN_CONSTANT_CONVERSION = YES;
				CLANG_WARN_DEPRECATED_OBJC_IMPLEMENTATIONS = YES;
				CLANG_WARN_DIRECT_OBJC_ISA_USAGE = YES_ERROR;
				CLANG_WARN_DOCUMENTATION_COMMENTS = YES;
				CLANG_WARN_EMPTY_BODY = YES;
				CLANG_WARN_ENUM_CONVERSION = YES;
				CLANG_WARN_INFINITE_RECURSION = YES;
				CLANG_WARN_INT_CONVERSION = YES;
				CLANG_WARN_NON_LITERAL_NULL_CONVERSION = YES;
				CLANG_WARN_OBJC_IMPLICIT_RETAIN_SELF = YES;
				CLANG_WARN_OBJC_LITERAL_CONVERSION = YES;
				CLANG_WARN_OBJC_ROOT_CLASS = YES_ERROR;
				CLANG_WARN_QUOTED_INCLUDE_IN_FRAMEWORK_HEADER = YES;
				CLANG_WARN_RANGE_LOOP_ANALYSIS = YES;
				CLANG_WARN_STRICT_PROTOTYPES = YES;
				CLANG_WARN_SUSPICIOUS_MOVE = YES;
				CLANG_WARN_UNGUARDED_AVAILABILITY = YES_AGGRESSIVE;
				CLANG_WARN_UNREACHABLE_CODE = YES;
				CLANG_WARN__DUPLICATE_METHOD_MATCH = YES;
				COPY_PHASE_STRIP = NO;
				DEBUG_INFORMATION_FORMAT = dwarf;
				ENABLE_STRICT_OBJC_MSGSEND = YES;
				ENABLE_TESTABILITY = YES;
				ENABLE_USER_SCRIPT_SANDBOXING = YES;
				GCC_C_LANGUAGE_STANDARD = gnu17;
				GCC_DYNAMIC_NO_PIC = NO;
				GCC_NO_COMMON_BLOCKS = YES;
				GCC_OPTIMIZATION_LEVEL = 0;
				GCC_PREPROCESSOR_DEFINITIONS = (
					"DEBUG=1",
					"$(inherited)",
				);
				GCC_WARN_64_TO_32_BIT_CONVERSION = YES;
				GCC_WARN_ABOUT_RETURN_TYPE = YES_ERROR;
				GCC_WARN_UNDECLARED_SELECTOR = YES;
				GCC_WARN_UNINITIALIZED_AUTOS = YES_AGGRESSIVE;
				GCC_WARN_UNUSED_FUNCTION = YES;
				GCC_WARN_UNUSED_VARIABLE = YES;
				IPHONEOS_DEPLOYMENT_TARGET = 17.4;
				LOCALIZATION_PREFERS_STRING_CATALOGS = YES;
				MTL_ENABLE_DEBUG_INFO = INCLUDE_SOURCE;
				MTL_FAST_MATH = YES;
				ONLY_ACTIVE_ARCH = YES;
				SDKROOT = iphoneos;
				SWIFT_ACTIVE_COMPILATION_CONDITIONS = "DEBUG $(inherited)";
				SWIFT_OPTIMIZATION_LEVEL = "-Onone";
			};
			name = Debug;
		};
		AF2C982B2BDA9F31009DD59D /* Release */ = {
			isa = XCBuildConfiguration;
			buildSettings = {
				ALWAYS_SEARCH_USER_PATHS = NO;
				ASSETCATALOG_COMPILER_GENERATE_SWIFT_ASSET_SYMBOL_EXTENSIONS = YES;
				CLANG_ANALYZER_NONNULL = YES;
				CLANG_ANALYZER_NUMBER_OBJECT_CONVERSION = YES_AGGRESSIVE;
				CLANG_CXX_LANGUAGE_STANDARD = "gnu++20";
				CLANG_ENABLE_MODULES = YES;
				CLANG_ENABLE_OBJC_ARC = YES;
				CLANG_ENABLE_OBJC_WEAK = YES;
				CLANG_WARN_BLOCK_CAPTURE_AUTORELEASING = YES;
				CLANG_WARN_BOOL_CONVERSION = YES;
				CLANG_WARN_COMMA = YES;
				CLANG_WARN_CONSTANT_CONVERSION = YES;
				CLANG_WARN_DEPRECATED_OBJC_IMPLEMENTATIONS = YES;
				CLANG_WARN_DIRECT_OBJC_ISA_USAGE = YES_ERROR;
				CLANG_WARN_DOCUMENTATION_COMMENTS = YES;
				CLANG_WARN_EMPTY_BODY = YES;
				CLANG_WARN_ENUM_CONVERSION = YES;
				CLANG_WARN_INFINITE_RECURSION = YES;
				CLANG_WARN_INT_CONVERSION = YES;
				CLANG_WARN_NON_LITERAL_NULL_CONVERSION = YES;
				CLANG_WARN_OBJC_IMPLICIT_RETAIN_SELF = YES;
				CLANG_WARN_OBJC_LITERAL_CONVERSION = YES;
				CLANG_WARN_OBJC_ROOT_CLASS = YES_ERROR;
				CLANG_WARN_QUOTED_INCLUDE_IN_FRAMEWORK_HEADER = YES;
				CLANG_WARN_RANGE_LOOP_ANALYSIS = YES;
				CLANG_WARN_STRICT_PROTOTYPES = YES;
				CLANG_WARN_SUSPICIOUS_MOVE = YES;
				CLANG_WARN_UNGUARDED_AVAILABILITY = YES_AGGRESSIVE;
				CLANG_WARN_UNREACHABLE_CODE = YES;
				CLANG_WARN__DUPLICATE_METHOD_MATCH = YES;
				COPY_PHASE_STRIP = NO;
				DEBUG_INFORMATION_FORMAT = "dwarf-with-dsym";
				ENABLE_NS_ASSERTIONS = NO;
				ENABLE_STRICT_OBJC_MSGSEND = YES;
				ENABLE_USER_SCRIPT_SANDBOXING = YES;
				GCC_C_LANGUAGE_STANDARD = gnu17;
				GCC_NO_COMMON_BLOCKS = YES;
				GCC_WARN_64_TO_32_BIT_CONVERSION = YES;
				GCC_WARN_ABOUT_RETURN_TYPE = YES_ERROR;
				GCC_WARN_UNDECLARED_SELECTOR = YES;
				GCC_WARN_UNINITIALIZED_AUTOS = YES_AGGRESSIVE;
				GCC_WARN_UNUSED_FUNCTION = YES;
				GCC_WARN_UNUSED_VARIABLE = YES;
				IPHONEOS_DEPLOYMENT_TARGET = 17.4;
				LOCALIZATION_PREFERS_STRING_CATALOGS = YES;
				MTL_ENABLE_DEBUG_INFO = NO;
				MTL_FAST_MATH = YES;
				SDKROOT = iphoneos;
				SWIFT_COMPILATION_MODE = wholemodule;
				VALIDATE_PRODUCT = YES;
			};
			name = Release;
		};
		AF2C982D2BDA9F31009DD59D /* Debug */ = {
			isa = XCBuildConfiguration;
			buildSettings = {
				ASSETCATALOG_COMPILER_APPICON_NAME = AppIcon;
				ASSETCATALOG_COMPILER_GLOBAL_ACCENT_COLOR_NAME = AccentColor;
				CLANG_ENABLE_MODULES = YES;
				CODE_SIGN_STYLE = Automatic;
				CURRENT_PROJECT_VERSION = 1;
				GENERATE_INFOPLIST_FILE = YES;
				INFOPLIST_FILE = lets_go/Info.plist;
				INFOPLIST_KEY_CFBundleDisplayName = "Lets Go";
				INFOPLIST_KEY_LSApplicationCategoryType = "public.app-category.lifestyle";
				INFOPLIST_KEY_UIApplicationSupportsIndirectInputEvents = YES;
				INFOPLIST_KEY_UILaunchStoryboardName = LaunchScreen;
				INFOPLIST_KEY_UIMainStoryboardFile = Main;
				INFOPLIST_KEY_UIStatusBarStyle = UIStatusBarStyleLightContent;
				INFOPLIST_KEY_UISupportedInterfaceOrientations = UIInterfaceOrientationPortrait;
				IPHONEOS_DEPLOYMENT_TARGET = 17.0;
				LD_RUNPATH_SEARCH_PATHS = (
					"$(inherited)",
					"@executable_path/Frameworks",
				);
				MARKETING_VERSION = 1.0;
				PRODUCT_BUNDLE_IDENTIFIER = "com.chitkara.lets-go";
				PRODUCT_NAME = "$(TARGET_NAME)";
				SWIFT_EMIT_LOC_STRINGS = YES;
				SWIFT_OPTIMIZATION_LEVEL = "-Onone";
				SWIFT_VERSION = 5.0;
				TARGETED_DEVICE_FAMILY = "1,2";
			};
			name = Debug;
		};
		AF2C982E2BDA9F31009DD59D /* Release */ = {
			isa = XCBuildConfiguration;
			buildSettings = {
				ASSETCATALOG_COMPILER_APPICON_NAME = AppIcon;
				ASSETCATALOG_COMPILER_GLOBAL_ACCENT_COLOR_NAME = AccentColor;
				CLANG_ENABLE_MODULES = YES;
				CODE_SIGN_STYLE = Automatic;
				CURRENT_PROJECT_VERSION = 1;
				GENERATE_INFOPLIST_FILE = YES;
				INFOPLIST_FILE = lets_go/Info.plist;
				INFOPLIST_KEY_CFBundleDisplayName = "Lets Go";
				INFOPLIST_KEY_LSApplicationCategoryType = "public.app-category.lifestyle";
				INFOPLIST_KEY_UIApplicationSupportsIndirectInputEvents = YES;
				INFOPLIST_KEY_UILaunchStoryboardName = LaunchScreen;
				INFOPLIST_KEY_UIMainStoryboardFile = Main;
				INFOPLIST_KEY_UIStatusBarStyle = UIStatusBarStyleLightContent;
				INFOPLIST_KEY_UISupportedInterfaceOrientations = UIInterfaceOrientationPortrait;
				IPHONEOS_DEPLOYMENT_TARGET = 17.0;
				LD_RUNPATH_SEARCH_PATHS = (
					"$(inherited)",
					"@executable_path/Frameworks",
				);
				MARKETING_VERSION = 1.0;
				PRODUCT_BUNDLE_IDENTIFIER = "com.chitkara.lets-go";
				PRODUCT_NAME = "$(TARGET_NAME)";
				SWIFT_EMIT_LOC_STRINGS = YES;
				SWIFT_VERSION = 5.0;
				TARGETED_DEVICE_FAMILY = "1,2";
			};
			name = Release;
		};
		AF2C98302BDA9F31009DD59D /* Debug */ = {
			isa = XCBuildConfiguration;
			buildSettings = {
				ALWAYS_EMBED_SWIFT_STANDARD_LIBRARIES = YES;
				BUNDLE_LOADER = "$(TEST_HOST)";
				CODE_SIGN_STYLE = Automatic;
				CURRENT_PROJECT_VERSION = 1;
				GENERATE_INFOPLIST_FILE = YES;
				IPHONEOS_DEPLOYMENT_TARGET = 17.4;
				MARKETING_VERSION = 1.0;
				PRODUCT_BUNDLE_IDENTIFIER = "com.chitkara.lets-goTests";
				PRODUCT_NAME = "$(TARGET_NAME)";
				SWIFT_EMIT_LOC_STRINGS = NO;
				SWIFT_VERSION = 5.0;
				TARGETED_DEVICE_FAMILY = "1,2";
				TEST_HOST = "$(BUILT_PRODUCTS_DIR)/lets_go.app/$(BUNDLE_EXECUTABLE_FOLDER_PATH)/lets_go";
			};
			name = Debug;
		};
		AF2C98312BDA9F31009DD59D /* Release */ = {
			isa = XCBuildConfiguration;
			buildSettings = {
				ALWAYS_EMBED_SWIFT_STANDARD_LIBRARIES = YES;
				BUNDLE_LOADER = "$(TEST_HOST)";
				CODE_SIGN_STYLE = Automatic;
				CURRENT_PROJECT_VERSION = 1;
				GENERATE_INFOPLIST_FILE = YES;
				IPHONEOS_DEPLOYMENT_TARGET = 17.4;
				MARKETING_VERSION = 1.0;
				PRODUCT_BUNDLE_IDENTIFIER = "com.chitkara.lets-goTests";
				PRODUCT_NAME = "$(TARGET_NAME)";
				SWIFT_EMIT_LOC_STRINGS = NO;
				SWIFT_VERSION = 5.0;
				TARGETED_DEVICE_FAMILY = "1,2";
				TEST_HOST = "$(BUILT_PRODUCTS_DIR)/lets_go.app/$(BUNDLE_EXECUTABLE_FOLDER_PATH)/lets_go";
			};
			name = Release;
		};
		AF2C98332BDA9F31009DD59D /* Debug */ = {
			isa = XCBuildConfiguration;
			buildSettings = {
				ALWAYS_EMBED_SWIFT_STANDARD_LIBRARIES = YES;
				CODE_SIGN_STYLE = Automatic;
				CURRENT_PROJECT_VERSION = 1;
				GENERATE_INFOPLIST_FILE = YES;
				MARKETING_VERSION = 1.0;
				PRODUCT_BUNDLE_IDENTIFIER = "com.chitkara.lets-goUITests";
				PRODUCT_NAME = "$(TARGET_NAME)";
				SWIFT_EMIT_LOC_STRINGS = NO;
				SWIFT_VERSION = 5.0;
				TARGETED_DEVICE_FAMILY = "1,2";
				TEST_TARGET_NAME = lets_go;
			};
			name = Debug;
		};
		AF2C98342BDA9F31009DD59D /* Release */ = {
			isa = XCBuildConfiguration;
			buildSettings = {
				ALWAYS_EMBED_SWIFT_STANDARD_LIBRARIES = YES;
				CODE_SIGN_STYLE = Automatic;
				CURRENT_PROJECT_VERSION = 1;
				GENERATE_INFOPLIST_FILE = YES;
				MARKETING_VERSION = 1.0;
				PRODUCT_BUNDLE_IDENTIFIER = "com.chitkara.lets-goUITests";
				PRODUCT_NAME = "$(TARGET_NAME)";
				SWIFT_EMIT_LOC_STRINGS = NO;
				SWIFT_VERSION = 5.0;
				TARGETED_DEVICE_FAMILY = "1,2";
				TEST_TARGET_NAME = lets_go;
			};
			name = Release;
		};
/* End XCBuildConfiguration section */

/* Begin XCConfigurationList section */
		AF2C97FD2BDA9F2F009DD59D /* Build configuration list for PBXProject "lets_go" */ = {
			isa = XCConfigurationList;
			buildConfigurations = (
				AF2C982A2BDA9F31009DD59D /* Debug */,
				AF2C982B2BDA9F31009DD59D /* Release */,
			);
			defaultConfigurationIsVisible = 0;
			defaultConfigurationName = Release;
		};
		AF2C982C2BDA9F31009DD59D /* Build configuration list for PBXNativeTarget "lets_go" */ = {
			isa = XCConfigurationList;
			buildConfigurations = (
				AF2C982D2BDA9F31009DD59D /* Debug */,
				AF2C982E2BDA9F31009DD59D /* Release */,
			);
			defaultConfigurationIsVisible = 0;
			defaultConfigurationName = Release;
		};
		AF2C982F2BDA9F31009DD59D /* Build configuration list for PBXNativeTarget "lets_goTests" */ = {
			isa = XCConfigurationList;
			buildConfigurations = (
				AF2C98302BDA9F31009DD59D /* Debug */,
				AF2C98312BDA9F31009DD59D /* Release */,
			);
			defaultConfigurationIsVisible = 0;
			defaultConfigurationName = Release;
		};
		AF2C98322BDA9F31009DD59D /* Build configuration list for PBXNativeTarget "lets_goUITests" */ = {
			isa = XCConfigurationList;
			buildConfigurations = (
				AF2C98332BDA9F31009DD59D /* Debug */,
				AF2C98342BDA9F31009DD59D /* Release */,
			);
			defaultConfigurationIsVisible = 0;
			defaultConfigurationName = Release;
		};
/* End XCConfigurationList section */
	};
	rootObject = AF2C97FA2BDA9F2F009DD59D /* Project object */;
}
